{
    "_readme": [
        "This file locks the dependencies of your project to a known state",
        "Read more about it at https://getcomposer.org/doc/01-basic-usage.md#installing-dependencies",
        "This file is @generated automatically"
    ],
    "content-hash": "c2b367ac8545c2412aa68650099655e1",
    "packages": [
        {
            "name": "altorouter/altorouter",
            "version": "v1.1.0",
            "source": {
                "type": "git",
                "url": "https://github.com/dannyvankooten/AltoRouter.git",
                "reference": "09d9d946c546bae6d22a7654cdb3b825ffda54b4"
            },
            "dist": {
                "type": "zip",
                "url": "https://api.github.com/repos/dannyvankooten/AltoRouter/zipball/09d9d946c546bae6d22a7654cdb3b825ffda54b4",
                "reference": "09d9d946c546bae6d22a7654cdb3b825ffda54b4",
                "shasum": ""
            },
            "require": {
                "php": ">=5.3.0"
            },
            "type": "library",
            "autoload": {
                "classmap": [
                    "AltoRouter.php"
                ]
            },
            "notification-url": "https://packagist.org/downloads/",
            "license": [
                "MIT"
            ],
            "authors": [
                {
                    "name": "Danny van Kooten",
                    "email": "dannyvankooten@gmail.com",
                    "homepage": "http://dannyvankooten.com/"
                },
                {
                    "name": "Koen Punt",
                    "homepage": "https://github.com/koenpunt"
                },
                {
                    "name": "niahoo",
                    "homepage": "https://github.com/niahoo"
                }
            ],
            "description": "A lightning fast router for PHP",
            "homepage": "https://github.com/dannyvankooten/AltoRouter",
            "keywords": [
                "lightweight",
                "router",
                "routing"
            ],
            "time": "2014-04-16T09:44:40+00:00"
        },
        {
            "name": "brick/math",
            "version": "0.8.15",
            "source": {
                "type": "git",
                "url": "https://github.com/brick/math.git",
                "reference": "9b08d412b9da9455b210459ff71414de7e6241cd"
            },
            "dist": {
                "type": "zip",
                "url": "https://api.github.com/repos/brick/math/zipball/9b08d412b9da9455b210459ff71414de7e6241cd",
                "reference": "9b08d412b9da9455b210459ff71414de7e6241cd",
                "shasum": ""
            },
            "require": {
                "ext-json": "*",
                "php": "^7.1|^8.0"
            },
            "require-dev": {
                "php-coveralls/php-coveralls": "^2.2",
                "phpunit/phpunit": "^7.5.15|^8.5",
                "vimeo/psalm": "^3.5"
            },
            "type": "library",
            "autoload": {
                "psr-4": {
                    "Brick\\Math\\": "src/"
                }
            },
            "notification-url": "https://packagist.org/downloads/",
            "license": [
                "MIT"
            ],
            "description": "Arbitrary-precision arithmetic library",
            "keywords": [
                "Arbitrary-precision",
                "BigInteger",
                "BigRational",
                "arithmetic",
                "bigdecimal",
                "bignum",
                "brick",
                "math"
            ],
            "funding": [
                {
                    "url": "https://tidelift.com/funding/github/packagist/brick/math",
                    "type": "tidelift"
                }
            ],
            "time": "2020-04-15T15:59:35+00:00"
        },
        {
            "name": "claviska/simpleimage",
            "version": "3.3.4",
            "source": {
                "type": "git",
                "url": "https://github.com/claviska/SimpleImage.git",
                "reference": "3786d80af8e6d05e5e42f0350e5e5da5b92041a0"
            },
            "dist": {
                "type": "zip",
                "url": "https://api.github.com/repos/claviska/SimpleImage/zipball/3786d80af8e6d05e5e42f0350e5e5da5b92041a0",
                "reference": "3786d80af8e6d05e5e42f0350e5e5da5b92041a0",
                "shasum": ""
            },
            "require": {
                "ext-gd": "*",
                "league/color-extractor": "0.3.*",
                "php": ">=5.6.0"
            },
            "type": "library",
            "autoload": {
                "psr-0": {
                    "claviska": "src/"
                }
            },
            "notification-url": "https://packagist.org/downloads/",
            "license": [
                "MIT"
            ],
            "authors": [
                {
                    "name": "Cory LaViska",
                    "homepage": "http://www.abeautifulsite.net/",
                    "role": "Developer"
                }
            ],
            "description": "A PHP class that makes working with images as simple as possible.",
            "time": "2019-09-26T01:22:02+00:00"
        },
        {
            "name": "defuse/php-encryption",
            "version": "v2.2.1",
            "source": {
                "type": "git",
                "url": "https://github.com/defuse/php-encryption.git",
                "reference": "0f407c43b953d571421e0020ba92082ed5fb7620"
            },
            "dist": {
                "type": "zip",
                "url": "https://api.github.com/repos/defuse/php-encryption/zipball/0f407c43b953d571421e0020ba92082ed5fb7620",
                "reference": "0f407c43b953d571421e0020ba92082ed5fb7620",
                "shasum": ""
            },
            "require": {
                "ext-openssl": "*",
                "paragonie/random_compat": ">= 2",
                "php": ">=5.4.0"
            },
            "require-dev": {
                "nikic/php-parser": "^2.0|^3.0|^4.0",
                "phpunit/phpunit": "^4|^5"
            },
            "bin": [
                "bin/generate-defuse-key"
            ],
            "type": "library",
            "autoload": {
                "psr-4": {
                    "Defuse\\Crypto\\": "src"
                }
            },
            "notification-url": "https://packagist.org/downloads/",
            "license": [
                "MIT"
            ],
            "authors": [
                {
                    "name": "Taylor Hornby",
                    "email": "taylor@defuse.ca",
                    "homepage": "https://defuse.ca/"
                },
                {
                    "name": "Scott Arciszewski",
                    "email": "info@paragonie.com",
                    "homepage": "https://paragonie.com"
                }
            ],
            "description": "Secure PHP Encryption Library",
            "keywords": [
                "aes",
                "authenticated encryption",
                "cipher",
                "crypto",
                "cryptography",
                "encrypt",
                "encryption",
                "openssl",
                "security",
                "symmetric key cryptography"
            ],
            "time": "2018-07-24T23:27:56+00:00"
        },
        {
            "name": "emojione/emojione",
            "version": "v2.2.7",
            "source": {
                "type": "git",
                "url": "https://github.com/Ranks/emojione.git",
                "reference": "0aad7f9f7969f0187e4f50d12fdc113541a34ac3"
            },
            "dist": {
                "type": "zip",
                "url": "https://api.github.com/repos/Ranks/emojione/zipball/0aad7f9f7969f0187e4f50d12fdc113541a34ac3",
                "reference": "0aad7f9f7969f0187e4f50d12fdc113541a34ac3",
                "shasum": ""
            },
            "require": {
                "php": ">=5.3"
            },
            "require-dev": {
                "phpunit/phpunit": "~4.6 || ~5.0"
            },
            "type": "library",
            "autoload": {
                "psr-4": {
                    "Emojione\\": "lib/php/src"
                }
            },
            "notification-url": "https://packagist.org/downloads/",
            "license": [
                "(CC-BY-4.0 and MIT)"
            ],
            "description": "Emoji One is a complete set of emojis designed for the web. It includes libraries to easily convert unicode characters to shortnames (:smile:) and shortnames to our custom emoji images. PNG and SVG formats provided for the emoji images.",
            "homepage": "http://www.emojione.com",
            "keywords": [
                "Emoji One",
                "emoji",
                "emojione",
                "emojis",
                "emoticons",
                "smileys",
                "smilies",
                "unicode"
            ],
            "abandoned": true,
            "time": "2016-12-03T01:19:25+00:00"
        },
        {
            "name": "fightbulc/moment",
            "version": "1.32.1",
            "source": {
                "type": "git",
                "url": "https://github.com/fightbulc/moment.php.git",
                "reference": "16b63d5d0e545615daf19c6a8b24786cb170172f"
            },
            "dist": {
                "type": "zip",
                "url": "https://api.github.com/repos/fightbulc/moment.php/zipball/16b63d5d0e545615daf19c6a8b24786cb170172f",
                "reference": "16b63d5d0e545615daf19c6a8b24786cb170172f",
                "shasum": ""
            },
            "require": {
                "php": ">=5.3.0"
            },
            "require-dev": {
                "phpunit/phpunit": "^4.8.36 || ^5.5 || ^6.5 || ^7.5"
            },
            "type": "library",
            "autoload": {
                "psr-4": {
                    "Moment\\": "src/"
                }
            },
            "notification-url": "https://packagist.org/downloads/",
            "license": [
                "MIT"
            ],
            "authors": [
                {
                    "name": "Tino Ehrich",
                    "email": "tino@bigpun.me",
                    "role": "developer"
                }
            ],
            "description": "Parse, validate, manipulate, and display dates in PHP w/ i18n support. Inspired by moment.js",
            "keywords": [
                "date",
                "display",
                "format",
                "i18n",
                "locale",
                "manipulate",
                "moment",
                "parse",
                "time",
                "translation",
                "validate"
            ],
            "time": "2020-03-04T06:31:17+00:00"
        },
        {
            "name": "gettext/gettext",
            "version": "v4.8.2",
            "source": {
                "type": "git",
                "url": "https://github.com/php-gettext/Gettext.git",
                "reference": "e474f872f2c8636cf53fd283ec4ce1218f3d236a"
            },
            "dist": {
                "type": "zip",
                "url": "https://api.github.com/repos/php-gettext/Gettext/zipball/e474f872f2c8636cf53fd283ec4ce1218f3d236a",
                "reference": "e474f872f2c8636cf53fd283ec4ce1218f3d236a",
                "shasum": ""
            },
            "require": {
                "gettext/languages": "^2.3",
                "php": ">=5.4.0"
            },
            "require-dev": {
                "illuminate/view": "*",
                "phpunit/phpunit": "^4.8|^5.7|^6.5",
                "squizlabs/php_codesniffer": "^3.0",
                "symfony/yaml": "~2",
                "twig/extensions": "*",
                "twig/twig": "^1.31|^2.0"
            },
            "suggest": {
                "illuminate/view": "Is necessary if you want to use the Blade extractor",
                "symfony/yaml": "Is necessary if you want to use the Yaml extractor/generator",
                "twig/extensions": "Is necessary if you want to use the Twig extractor",
                "twig/twig": "Is necessary if you want to use the Twig extractor"
            },
            "type": "library",
            "autoload": {
                "psr-4": {
                    "Gettext\\": "src"
                }
            },
            "notification-url": "https://packagist.org/downloads/",
            "license": [
                "MIT"
            ],
            "authors": [
                {
                    "name": "Oscar Otero",
                    "email": "oom@oscarotero.com",
                    "homepage": "http://oscarotero.com",
                    "role": "Developer"
                }
            ],
            "description": "PHP gettext manager",
            "homepage": "https://github.com/oscarotero/Gettext",
            "keywords": [
                "JS",
                "gettext",
                "i18n",
                "mo",
                "po",
                "translation"
            ],
            "time": "2019-12-02T10:21:14+00:00"
        },
        {
            "name": "gettext/languages",
            "version": "2.6.0",
            "source": {
                "type": "git",
                "url": "https://github.com/php-gettext/Languages.git",
                "reference": "38ea0482f649e0802e475f0ed19fa993bcb7a618"
            },
            "dist": {
                "type": "zip",
                "url": "https://api.github.com/repos/php-gettext/Languages/zipball/38ea0482f649e0802e475f0ed19fa993bcb7a618",
                "reference": "38ea0482f649e0802e475f0ed19fa993bcb7a618",
                "shasum": ""
            },
            "require": {
                "php": ">=5.3"
            },
            "require-dev": {
                "friendsofphp/php-cs-fixer": "^2.16.0",
                "phpunit/phpunit": "^4.8 || ^5.7 || ^6.5 || ^7.5 || ^8.4"
            },
            "bin": [
                "bin/export-plural-rules"
            ],
            "type": "library",
            "autoload": {
                "psr-4": {
                    "Gettext\\Languages\\": "src/"
                }
            },
            "notification-url": "https://packagist.org/downloads/",
            "license": [
                "MIT"
            ],
            "authors": [
                {
                    "name": "Michele Locati",
                    "email": "mlocati@gmail.com",
                    "role": "Developer"
                }
            ],
            "description": "gettext languages with plural rules",
            "homepage": "https://github.com/php-gettext/Languages",
            "keywords": [
                "cldr",
                "i18n",
                "internationalization",
                "l10n",
                "language",
                "languages",
                "localization",
                "php",
                "plural",
                "plural rules",
                "plurals",
                "translate",
                "translations",
                "unicode"
            ],
            "time": "2019-11-13T10:30:21+00:00"
        },
        {
            "name": "kint-php/kint",
            "version": "1.1",
            "source": {
                "type": "git",
                "url": "https://github.com/kint-php/kint.git",
                "reference": "a8549198558560b24e2879c6bac2875de5371483"
            },
            "dist": {
                "type": "zip",
                "url": "https://api.github.com/repos/kint-php/kint/zipball/a8549198558560b24e2879c6bac2875de5371483",
                "reference": "a8549198558560b24e2879c6bac2875de5371483",
                "shasum": ""
            },
            "require": {
                "php": ">=5.1.0"
            },
            "type": "library",
            "extra": {
                "branch-alias": {
                    "dev-master": "1.0.x-dev"
                }
            },
            "autoload": {
                "files": [
                    "Kint.class.php"
                ]
            },
            "notification-url": "https://packagist.org/downloads/",
            "license": [
                "MIT"
            ],
            "authors": [
                {
                    "name": "Rokas Šleinius",
                    "homepage": "https://github.com/kint-php"
                },
                {
                    "name": "Contributors",
                    "homepage": "https://github.com/kint-php/kint/contributors"
                }
            ],
            "description": "Kint - debugging helper for PHP developers",
            "homepage": "https://github.com/kint-php/kint",
            "keywords": [
                "debug",
                "kint",
                "php"
            ],
            "time": "2017-01-15T14:23:43+00:00"
        },
        {
            "name": "league/color-extractor",
            "version": "0.3.2",
            "source": {
                "type": "git",
                "url": "https://github.com/thephpleague/color-extractor.git",
                "reference": "837086ec60f50c84c611c613963e4ad2e2aec806"
            },
            "dist": {
                "type": "zip",
                "url": "https://api.github.com/repos/thephpleague/color-extractor/zipball/837086ec60f50c84c611c613963e4ad2e2aec806",
                "reference": "837086ec60f50c84c611c613963e4ad2e2aec806",
                "shasum": ""
            },
            "require": {
                "ext-gd": "*",
                "php": ">=5.4.0"
            },
            "replace": {
                "matthecat/colorextractor": "*"
            },
            "require-dev": {
                "friendsofphp/php-cs-fixer": "~2",
                "phpunit/phpunit": "~5"
            },
            "type": "library",
            "autoload": {
                "psr-4": {
                    "": "src"
                }
            },
            "notification-url": "https://packagist.org/downloads/",
            "license": [
                "MIT"
            ],
            "authors": [
                {
                    "name": "Mathieu Lechat",
                    "email": "math.lechat@gmail.com",
                    "homepage": "http://matthecat.com",
                    "role": "Developer"
                }
            ],
            "description": "Extract colors from an image as a human would do.",
            "homepage": "https://github.com/thephpleague/color-extractor",
            "keywords": [
                "color",
                "extract",
                "human",
                "image",
                "palette"
            ],
            "time": "2016-12-15T09:30:02+00:00"
        },
        {
            "name": "paragonie/random_compat",
            "version": "v2.0.18",
            "source": {
                "type": "git",
                "url": "https://github.com/paragonie/random_compat.git",
                "reference": "0a58ef6e3146256cc3dc7cc393927bcc7d1b72db"
            },
            "dist": {
                "type": "zip",
                "url": "https://api.github.com/repos/paragonie/random_compat/zipball/0a58ef6e3146256cc3dc7cc393927bcc7d1b72db",
                "reference": "0a58ef6e3146256cc3dc7cc393927bcc7d1b72db",
                "shasum": ""
            },
            "require": {
                "php": ">=5.2.0"
            },
            "require-dev": {
                "phpunit/phpunit": "4.*|5.*"
            },
            "suggest": {
                "ext-libsodium": "Provides a modern crypto API that can be used to generate random bytes."
            },
            "type": "library",
            "autoload": {
                "files": [
                    "lib/random.php"
                ]
            },
            "notification-url": "https://packagist.org/downloads/",
            "license": [
                "MIT"
            ],
            "authors": [
                {
                    "name": "Paragon Initiative Enterprises",
                    "email": "security@paragonie.com",
                    "homepage": "https://paragonie.com"
                }
            ],
            "description": "PHP 5.x polyfill for random_bytes() and random_int() from PHP 7",
            "keywords": [
                "csprng",
                "polyfill",
                "pseudorandom",
                "random"
            ],
            "time": "2019-01-03T20:59:08+00:00"
        },
        {
            "name": "phpmailer/phpmailer",
            "version": "v6.1.6",
            "source": {
                "type": "git",
                "url": "https://github.com/PHPMailer/PHPMailer.git",
                "reference": "c2796cb1cb99d7717290b48c4e6f32cb6c60b7b3"
            },
            "dist": {
                "type": "zip",
                "url": "https://api.github.com/repos/PHPMailer/PHPMailer/zipball/c2796cb1cb99d7717290b48c4e6f32cb6c60b7b3",
                "reference": "c2796cb1cb99d7717290b48c4e6f32cb6c60b7b3",
                "shasum": ""
            },
            "require": {
                "ext-ctype": "*",
                "ext-filter": "*",
                "php": ">=5.5.0"
            },
            "require-dev": {
                "doctrine/annotations": "^1.2",
                "friendsofphp/php-cs-fixer": "^2.2",
                "phpunit/phpunit": "^4.8 || ^5.7"
            },
            "suggest": {
                "ext-mbstring": "Needed to send email in multibyte encoding charset",
                "hayageek/oauth2-yahoo": "Needed for Yahoo XOAUTH2 authentication",
                "league/oauth2-google": "Needed for Google XOAUTH2 authentication",
                "psr/log": "For optional PSR-3 debug logging",
                "stevenmaguire/oauth2-microsoft": "Needed for Microsoft XOAUTH2 authentication",
                "symfony/polyfill-mbstring": "To support UTF-8 if the Mbstring PHP extension is not enabled (^1.2)"
            },
            "type": "library",
            "autoload": {
                "psr-4": {
                    "PHPMailer\\PHPMailer\\": "src/"
                }
            },
            "notification-url": "https://packagist.org/downloads/",
            "license": [
                "LGPL-2.1-only"
            ],
            "authors": [
                {
                    "name": "Marcus Bointon",
                    "email": "phpmailer@synchromedia.co.uk"
                },
                {
                    "name": "Jim Jagielski",
                    "email": "jimjag@gmail.com"
                },
                {
                    "name": "Andy Prevost",
                    "email": "codeworxtech@users.sourceforge.net"
                },
                {
                    "name": "Brent R. Matzelle"
                }
            ],
            "description": "PHPMailer is a full-featured email creation and transfer class for PHP",
            "funding": [
                {
                    "url": "https://github.com/synchro",
                    "type": "github"
                }
            ],
            "time": "2020-05-27T12:24:03+00:00"
        },
        {
            "name": "ramsey/collection",
            "version": "1.1.0",
            "source": {
                "type": "git",
                "url": "https://github.com/ramsey/collection.git",
                "reference": "044184884e3c803e4cbb6451386cb71562939b18"
            },
            "dist": {
                "type": "zip",
                "url": "https://api.github.com/repos/ramsey/collection/zipball/044184884e3c803e4cbb6451386cb71562939b18",
                "reference": "044184884e3c803e4cbb6451386cb71562939b18",
                "shasum": ""
            },
            "require": {
                "php": "^7.2 || ^8"
            },
            "require-dev": {
                "captainhook/captainhook": "^5.3",
                "dealerdirect/phpcodesniffer-composer-installer": "^0.7.0",
                "ergebnis/composer-normalize": "^2.6",
                "fzaninotto/faker": "^1.5",
                "hamcrest/hamcrest-php": "^2",
                "jangregor/phpstan-prophecy": "^0.6",
                "mockery/mockery": "^1.3",
                "phpstan/extension-installer": "^1",
                "phpstan/phpstan": "^0.12.32",
                "phpstan/phpstan-mockery": "^0.12.5",
                "phpstan/phpstan-phpunit": "^0.12.11",
                "phpunit/phpunit": "^8.5",
                "psy/psysh": "^0.10.4",
                "slevomat/coding-standard": "^6.3",
                "squizlabs/php_codesniffer": "^3.5",
                "vimeo/psalm": "^3.12.2"
            },
            "type": "library",
            "autoload": {
                "psr-4": {
                    "Ramsey\\Collection\\": "src/"
                }
            },
            "notification-url": "https://packagist.org/downloads/",
            "license": [
                "MIT"
            ],
            "authors": [
                {
                    "name": "Ben Ramsey",
                    "email": "ben@benramsey.com",
                    "homepage": "https://benramsey.com"
                }
            ],
            "description": "A PHP 7.2+ library for representing and manipulating collections.",
            "keywords": [
                "array",
                "collection",
                "hash",
                "map",
                "queue",
                "set"
            ],
            "funding": [
                {
                    "url": "https://github.com/ramsey",
                    "type": "github"
                }
            ],
            "time": "2020-08-11T00:57:21+00:00"
        },
        {
            "name": "ramsey/uuid",
            "version": "4.1.0",
            "source": {
                "type": "git",
                "url": "https://github.com/ramsey/uuid.git",
                "reference": "988dbefc7878d0a35f12afb4df1f7dd0bd153c43"
            },
            "dist": {
                "type": "zip",
                "url": "https://api.github.com/repos/ramsey/uuid/zipball/988dbefc7878d0a35f12afb4df1f7dd0bd153c43",
                "reference": "988dbefc7878d0a35f12afb4df1f7dd0bd153c43",
                "shasum": ""
            },
            "require": {
                "brick/math": "^0.8",
                "ext-json": "*",
                "php": "^7.2 || ^8",
                "ramsey/collection": "^1.0",
                "symfony/polyfill-ctype": "^1.8"
            },
            "replace": {
                "rhumsaa/uuid": "self.version"
            },
            "require-dev": {
                "codeception/aspect-mock": "^3",
                "dealerdirect/phpcodesniffer-composer-installer": "^0.6.2 || ^0.7.0",
                "doctrine/annotations": "^1.8",
                "goaop/framework": "^2",
                "mockery/mockery": "^1.3",
                "moontoast/math": "^1.1",
                "paragonie/random-lib": "^2",
                "php-mock/php-mock-mockery": "^1.3",
                "php-mock/php-mock-phpunit": "^2.5",
                "php-parallel-lint/php-parallel-lint": "^1.1",
                "phpbench/phpbench": "^0.17.1",
                "phpstan/extension-installer": "^1.0",
                "phpstan/phpstan": "^0.12",
                "phpstan/phpstan-mockery": "^0.12",
                "phpstan/phpstan-phpunit": "^0.12",
                "phpunit/phpunit": "^8.5",
                "psy/psysh": "^0.10.0",
                "slevomat/coding-standard": "^6.0",
                "squizlabs/php_codesniffer": "^3.5",
                "vimeo/psalm": "3.9.4"
            },
            "suggest": {
                "ext-bcmath": "Enables faster math with arbitrary-precision integers using BCMath.",
                "ext-ctype": "Enables faster processing of character classification using ctype functions.",
                "ext-gmp": "Enables faster math with arbitrary-precision integers using GMP.",
                "ext-uuid": "Enables the use of PeclUuidTimeGenerator and PeclUuidRandomGenerator.",
                "paragonie/random-lib": "Provides RandomLib for use with the RandomLibAdapter",
                "ramsey/uuid-doctrine": "Allows the use of Ramsey\\Uuid\\Uuid as Doctrine field type."
            },
            "type": "library",
            "extra": {
                "branch-alias": {
                    "dev-master": "4.x-dev"
                }
            },
            "autoload": {
                "psr-4": {
                    "Ramsey\\Uuid\\": "src/"
                },
                "files": [
                    "src/functions.php"
                ]
            },
            "notification-url": "https://packagist.org/downloads/",
            "license": [
                "MIT"
            ],
            "description": "A PHP library for generating and working with universally unique identifiers (UUIDs).",
            "homepage": "https://github.com/ramsey/uuid",
            "keywords": [
                "guid",
                "identifier",
                "uuid"
            ],
            "funding": [
                {
                    "url": "https://github.com/ramsey",
                    "type": "github"
                }
            ],
            "time": "2020-07-28T16:51:01+00:00"
        },
        {
            "name": "sonata-project/google-authenticator",
            "version": "2.2.0",
            "source": {
                "type": "git",
                "url": "https://github.com/sonata-project/GoogleAuthenticator.git",
                "reference": "feda53899b26af24e3db2fe7a3e5f053ca483762"
            },
            "dist": {
                "type": "zip",
                "url": "https://api.github.com/repos/sonata-project/GoogleAuthenticator/zipball/feda53899b26af24e3db2fe7a3e5f053ca483762",
                "reference": "feda53899b26af24e3db2fe7a3e5f053ca483762",
                "shasum": ""
            },
            "require": {
                "php": "^7.1"
            },
            "require-dev": {
                "symfony/phpunit-bridge": "^4.0"
            },
            "type": "library",
            "extra": {
                "branch-alias": {
                    "dev-master": "2.x-dev"
                }
            },
            "autoload": {
                "psr-4": {
                    "Google\\Authenticator\\": "src/",
                    "Sonata\\GoogleAuthenticator\\": "src/"
                }
            },
            "notification-url": "https://packagist.org/downloads/",
            "license": [
                "MIT"
            ],
            "authors": [
                {
                    "name": "Christian Stocker",
                    "email": "me@chregu.tv"
                },
                {
                    "name": "Andre DeMarre",
                    "homepage": "http://www.devnetwork.net/viewtopic.php?f=50&t=94989"
                },
                {
                    "name": "Thomas Rabaix",
                    "email": "thomas.rabaix@gmail.com"
                }
            ],
            "description": "Library to integrate Google Authenticator into a PHP project",
            "homepage": "https://github.com/sonata-project/GoogleAuthenticator",
            "keywords": [
                "google authenticator"
            ],
            "time": "2018-07-18T22:08:02+00:00"
        },
        {
            "name": "stripe/stripe-php",
            "version": "v5.9.2",
            "source": {
                "type": "git",
                "url": "https://github.com/stripe/stripe-php.git",
                "reference": "026191d12241a76c957884dff75e4f3721b0e77f"
            },
            "dist": {
                "type": "zip",
                "url": "https://api.github.com/repos/stripe/stripe-php/zipball/026191d12241a76c957884dff75e4f3721b0e77f",
                "reference": "026191d12241a76c957884dff75e4f3721b0e77f",
                "shasum": ""
            },
            "require": {
                "ext-curl": "*",
                "ext-json": "*",
                "ext-mbstring": "*",
                "php": ">=5.3.3"
            },
            "require-dev": {
                "phpunit/phpunit": "~4.0",
                "satooshi/php-coveralls": "~0.6.1",
                "squizlabs/php_codesniffer": "~2.0"
            },
            "type": "library",
            "extra": {
                "branch-alias": {
                    "dev-master": "2.0-dev"
                }
            },
            "autoload": {
                "psr-4": {
                    "Stripe\\": "lib/"
                }
            },
            "notification-url": "https://packagist.org/downloads/",
            "license": [
                "MIT"
            ],
            "authors": [
                {
                    "name": "Stripe and contributors",
                    "homepage": "https://github.com/stripe/stripe-php/contributors"
                }
            ],
            "description": "Stripe PHP Library",
            "homepage": "https://stripe.com/",
            "keywords": [
                "api",
                "payment processing",
                "stripe"
            ],
            "time": "2018-02-07T18:36:55+00:00"
        },
        {
            "name": "symfony/polyfill-ctype",
            "version": "v1.18.1",
            "source": {
                "type": "git",
                "url": "https://github.com/symfony/polyfill-ctype.git",
                "reference": "1c302646f6efc070cd46856e600e5e0684d6b454"
            },
            "dist": {
                "type": "zip",
                "url": "https://api.github.com/repos/symfony/polyfill-ctype/zipball/1c302646f6efc070cd46856e600e5e0684d6b454",
                "reference": "1c302646f6efc070cd46856e600e5e0684d6b454",
                "shasum": ""
            },
            "require": {
                "php": ">=5.3.3"
            },
            "suggest": {
                "ext-ctype": "For best performance"
            },
            "type": "library",
            "extra": {
                "branch-alias": {
                    "dev-master": "1.18-dev"
                },
                "thanks": {
                    "name": "symfony/polyfill",
                    "url": "https://github.com/symfony/polyfill"
                }
            },
            "autoload": {
                "psr-4": {
                    "Symfony\\Polyfill\\Ctype\\": ""
                },
                "files": [
                    "bootstrap.php"
                ]
            },
            "notification-url": "https://packagist.org/downloads/",
            "license": [
                "MIT"
            ],
            "authors": [
                {
                    "name": "Gert de Pagter",
                    "email": "BackEndTea@gmail.com"
                },
                {
                    "name": "Symfony Community",
                    "homepage": "https://symfony.com/contributors"
                }
            ],
            "description": "Symfony polyfill for ctype functions",
            "homepage": "https://symfony.com",
            "keywords": [
                "compatibility",
                "ctype",
                "polyfill",
                "portable"
            ],
            "funding": [
                {
                    "url": "https://symfony.com/sponsor",
                    "type": "custom"
                },
                {
                    "url": "https://github.com/fabpot",
                    "type": "github"
                },
                {
                    "url": "https://tidelift.com/funding/github/packagist/symfony/symfony",
                    "type": "tidelift"
                }
            ],
            "time": "2020-07-14T12:35:20+00:00"
        },
        {
            "name": "usmanhalalit/pixie",
            "version": "2.0.2",
            "source": {
                "type": "git",
                "url": "https://github.com/usmanhalalit/pixie.git",
                "reference": "873e70e63b6802634050d9fb3d38a9bc0c5d23fc"
            },
            "dist": {
                "type": "zip",
                "url": "https://api.github.com/repos/usmanhalalit/pixie/zipball/873e70e63b6802634050d9fb3d38a9bc0c5d23fc",
                "reference": "873e70e63b6802634050d9fb3d38a9bc0c5d23fc",
                "shasum": ""
            },
            "require": {
                "php": ">=5.4.0",
                "usmanhalalit/viocon": "1.0.*@dev"
            },
            "require-dev": {
                "mockery/mockery": "0.9.4",
                "phpunit/phpunit": "^4.8"
            },
            "type": "library",
            "autoload": {
                "psr-0": {
                    "Pixie": "src/"
                }
            },
            "notification-url": "https://packagist.org/downloads/",
            "license": [
                "MIT"
            ],
            "authors": [
                {
                    "name": "Muhammad Usman",
                    "email": "hi@usman.it",
                    "role": "Developer"
                },
                {
                    "name": "Pavel Puchkin",
                    "email": "i@neoascetic.me",
                    "role": "Developer"
                }
            ],
            "description": "A lightweight, expressive, framework agnostic query builder for PHP.",
            "homepage": "https://github.com/usmanhalalit/pixie",
            "keywords": [
                "database",
                "mysql",
                "postgresql",
                "query builder",
                "sql",
                "sqlite"
            ],
            "time": "2019-11-16T12:29:06+00:00"
        },
        {
            "name": "usmanhalalit/viocon",
            "version": "1.0.1",
            "source": {
                "type": "git",
                "url": "https://github.com/usmanhalalit/viocon.git",
                "reference": "0878afee16f15355971fb95bf3c6d297aceff35d"
            },
            "dist": {
                "type": "zip",
                "url": "https://api.github.com/repos/usmanhalalit/viocon/zipball/0878afee16f15355971fb95bf3c6d297aceff35d",
                "reference": "0878afee16f15355971fb95bf3c6d297aceff35d",
                "shasum": ""
            },
            "require": {
                "php": ">=5.3.0"
            },
            "require-dev": {
                "phpunit/phpunit": "3.7.*"
            },
            "type": "library",
            "autoload": {
                "psr-0": {
                    "Viocon": "src/"
                }
            },
            "notification-url": "https://packagist.org/downloads/",
            "license": [
                "MIT"
            ],
            "authors": [
                {
                    "name": "Muhammad Usman",
                    "email": "hi@usman.it",
                    "role": "Developer"
                }
            ],
            "description": "A simple and flexible Dependency Injection container for PHP.",
            "homepage": "https://github.com/usmanhalalit/viocon",
            "keywords": [
                "container",
                "di",
                "ioc",
                "test"
            ],
            "time": "2013-07-13T19:54:56+00:00"
        }
    ],
    "packages-dev": [],
    "aliases": [],
    "minimum-stability": "stable",
    "stability-flags": [],
    "prefer-stable": false,
    "prefer-lowest": false,
    "platform": [],
    "platform-dev": [],
    "platform-overrides": {
        "php": "7.4.9"
    },
    "plugin-api-version": "1.1.0"
}
